
Microsoft Visual Studio Solution File, Format Version 12.00
# Visual Studio Version 16
VisualStudioVersion = 16.0.30128.74
MinimumVisualStudioVersion = 10.0.40219.1
Project("{FAE04EC0-301F-11D3-BF4B-00C04F79EFBC}") = "BalizaFacil.Android", "BalizaFacil\BalizaFacil.Android\BalizaFacil.Android.csproj", "{2FCBB7EB-3775-4DA9-BD9C-CAB26A4E122F}"
EndProject
Project("{FAE04EC0-301F-11D3-BF4B-00C04F79EFBC}") = "BalizaFacil.iOS", "BalizaFacil\BalizaFacil.iOS\BalizaFacil.iOS.csproj", "{C4880A5E-50E3-4358-AD8C-A17B2DC03F35}"
EndProject
Project("{FAE04EC0-301F-11D3-BF4B-00C04F79EFBC}") = "BalizaFacil", "BalizaFacil\BalizaFacil\BalizaFacil.csproj", "{EF256A2D-C87E-4D08-A50A-3081C3102BB6}"
EndProject
Global
	GlobalSection(SolutionConfigurationPlatforms) = preSolution
		Ad-Hoc|Any CPU = Ad-Hoc|Any CPU
		Ad-Hoc|iPhone = Ad-Hoc|iPhone
		Ad-Hoc|iPhoneSimulator = Ad-Hoc|iPhoneSimulator
		Ad-Hoc|x64 = Ad-Hoc|x64
		AppStore|Any CPU = AppStore|Any CPU
		AppStore|iPhone = AppStore|iPhone
		AppStore|iPhoneSimulator = AppStore|iPhoneSimulator
		AppStore|x64 = AppStore|x64
		Debug|Any CPU = Debug|Any CPU
		Debug|iPhone = Debug|iPhone
		Debug|iPhoneSimulator = Debug|iPhoneSimulator
		Debug|x64 = Debug|x64
		Release|Any CPU = Release|Any CPU
		Release|iPhone = Release|iPhone
		Release|iPhoneSimulator = Release|iPhoneSimulator
		Release|x64 = Release|x64
	EndGlobalSection
	GlobalSection(ProjectConfigurationPlatforms) = postSolution
		{2FCBB7EB-3775-4DA9-BD9C-CAB26A4E122F}.Ad-Hoc|Any CPU.ActiveCfg = Release|Any CPU
		{2FCBB7EB-3775-4DA9-BD9C-CAB26A4E122F}.Ad-Hoc|Any CPU.Build.0 = Release|Any CPU
		{2FCBB7EB-3775-4DA9-BD9C-CAB26A4E122F}.Ad-Hoc|Any CPU.Deploy.0 = Release|Any CPU
		{2FCBB7EB-3775-4DA9-BD9C-CAB26A4E122F}.Ad-Hoc|iPhone.ActiveCfg = Release|Any CPU
		{2FCBB7EB-3775-4DA9-BD9C-CAB26A4E122F}.Ad-Hoc|iPhone.Build.0 = Release|Any CPU
		{2FCBB7EB-3775-4DA9-BD9C-CAB26A4E122F}.Ad-Hoc|iPhone.Deploy.0 = Release|Any CPU
		{2FCBB7EB-3775-4DA9-BD9C-CAB26A4E122F}.Ad-Hoc|iPhoneSimulator.ActiveCfg = Release|Any CPU
		{2FCBB7EB-3775-4DA9-BD9C-CAB26A4E122F}.Ad-Hoc|iPhoneSimulator.Build.0 = Release|Any CPU
		{2FCBB7EB-3775-4DA9-BD9C-CAB26A4E122F}.Ad-Hoc|iPhoneSimulator.Deploy.0 = Release|Any CPU
		{2FCBB7EB-3775-4DA9-BD9C-CAB26A4E122F}.Ad-Hoc|x64.ActiveCfg = Debug|Any CPU
		{2FCBB7EB-3775-4DA9-BD9C-CAB26A4E122F}.Ad-Hoc|x64.Build.0 = Debug|Any CPU
		{2FCBB7EB-3775-4DA9-BD9C-CAB26A4E122F}.Ad-Hoc|x64.Deploy.0 = Debug|Any CPU
		{2FCBB7EB-3775-4DA9-BD9C-CAB26A4E122F}.AppStore|Any CPU.ActiveCfg = Release|Any CPU
		{2FCBB7EB-3775-4DA9-BD9C-CAB26A4E122F}.AppStore|Any CPU.Build.0 = Release|Any CPU
		{2FCBB7EB-3775-4DA9-BD9C-CAB26A4E122F}.AppStore|Any CPU.Deploy.0 = Release|Any CPU
		{2FCBB7EB-3775-4DA9-BD9C-CAB26A4E122F}.AppStore|iPhone.ActiveCfg = Release|Any CPU
		{2FCBB7EB-3775-4DA9-BD9C-CAB26A4E122F}.AppStore|iPhone.Build.0 = Release|Any CPU
		{2FCBB7EB-3775-4DA9-BD9C-CAB26A4E122F}.AppStore|iPhone.Deploy.0 = Release|Any CPU
		{2FCBB7EB-3775-4DA9-BD9C-CAB26A4E122F}.AppStore|iPhoneSimulator.ActiveCfg = Release|Any CPU
		{2FCBB7EB-3775-4DA9-BD9C-CAB26A4E122F}.AppStore|iPhoneSimulator.Build.0 = Release|Any CPU
		{2FCBB7EB-3775-4DA9-BD9C-CAB26A4E122F}.AppStore|iPhoneSimulator.Deploy.0 = Release|Any CPU
		{2FCBB7EB-3775-4DA9-BD9C-CAB26A4E122F}.AppStore|x64.ActiveCfg = Debug|Any CPU
		{2FCBB7EB-3775-4DA9-BD9C-CAB26A4E122F}.AppStore|x64.Build.0 = Debug|Any CPU
		{2FCBB7EB-3775-4DA9-BD9C-CAB26A4E122F}.AppStore|x64.Deploy.0 = Debug|Any CPU
		{2FCBB7EB-3775-4DA9-BD9C-CAB26A4E122F}.Debug|Any CPU.ActiveCfg = Debug|Any CPU
		{2FCBB7EB-3775-4DA9-BD9C-CAB26A4E122F}.Debug|Any CPU.Build.0 = Debug|Any CPU
		{2FCBB7EB-3775-4DA9-BD9C-CAB26A4E122F}.Debug|Any CPU.Deploy.0 = Debug|Any CPU
		{2FCBB7EB-3775-4DA9-BD9C-CAB26A4E122F}.Debug|iPhone.ActiveCfg = Debug|Any CPU
		{2FCBB7EB-3775-4DA9-BD9C-CAB26A4E122F}.Debug|iPhone.Build.0 = Debug|Any CPU
		{2FCBB7EB-3775-4DA9-BD9C-CAB26A4E122F}.Debug|iPhone.Deploy.0 = Debug|Any CPU
		{2FCBB7EB-3775-4DA9-BD9C-CAB26A4E122F}.Debug|iPhoneSimulator.ActiveCfg = Debug|Any CPU
		{2FCBB7EB-3775-4DA9-BD9C-CAB26A4E122F}.Debug|iPhoneSimulator.Build.0 = Debug|Any CPU
		{2FCBB7EB-3775-4DA9-BD9C-CAB26A4E122F}.Debug|iPhoneSimulator.Deploy.0 = Debug|Any CPU
		{2FCBB7EB-3775-4DA9-BD9C-CAB26A4E122F}.Debug|x64.ActiveCfg = Debug|Any CPU
		{2FCBB7EB-3775-4DA9-BD9C-CAB26A4E122F}.Debug|x64.Build.0 = Debug|Any CPU
		{2FCBB7EB-3775-4DA9-BD9C-CAB26A4E122F}.Debug|x64.Deploy.0 = Debug|Any CPU
		{2FCBB7EB-3775-4DA9-BD9C-CAB26A4E122F}.Release|Any CPU.ActiveCfg = Release|Any CPU
		{2FCBB7EB-3775-4DA9-BD9C-CAB26A4E122F}.Release|Any CPU.Build.0 = Release|Any CPU
		{2FCBB7EB-3775-4DA9-BD9C-CAB26A4E122F}.Release|Any CPU.Deploy.0 = Release|Any CPU
		{2FCBB7EB-3775-4DA9-BD9C-CAB26A4E122F}.Release|iPhone.ActiveCfg = Release|Any CPU
		{2FCBB7EB-3775-4DA9-BD9C-CAB26A4E122F}.Release|iPhone.Build.0 = Release|Any CPU
		{2FCBB7EB-3775-4DA9-BD9C-CAB26A4E122F}.Release|iPhone.Deploy.0 = Release|Any CPU
		{2FCBB7EB-3775-4DA9-BD9C-CAB26A4E122F}.Release|iPhoneSimulator.ActiveCfg = Release|Any CPU
		{2FCBB7EB-3775-4DA9-BD9C-CAB26A4E122F}.Release|iPhoneSimulator.Build.0 = Release|Any CPU
		{2FCBB7EB-3775-4DA9-BD9C-CAB26A4E122F}.Release|iPhoneSimulator.Deploy.0 = Release|Any CPU
		{2FCBB7EB-3775-4DA9-BD9C-CAB26A4E122F}.Release|x64.ActiveCfg = Release|Any CPU
		{2FCBB7EB-3775-4DA9-BD9C-CAB26A4E122F}.Release|x64.Build.0 = Release|Any CPU
		{2FCBB7EB-3775-4DA9-BD9C-CAB26A4E122F}.Release|x64.Deploy.0 = Release|Any CPU
		{C4880A5E-50E3-4358-AD8C-A17B2DC03F35}.Ad-Hoc|Any CPU.ActiveCfg = Ad-Hoc|iPhone
		{C4880A5E-50E3-4358-AD8C-A17B2DC03F35}.Ad-Hoc|iPhone.ActiveCfg = Ad-Hoc|iPhone
		{C4880A5E-50E3-4358-AD8C-A17B2DC03F35}.Ad-Hoc|iPhone.Build.0 = Ad-Hoc|iPhone
		{C4880A5E-50E3-4358-AD8C-A17B2DC03F35}.Ad-Hoc|iPhoneSimulator.ActiveCfg = Ad-Hoc|iPhoneSimulator
		{C4880A5E-50E3-4358-AD8C-A17B2DC03F35}.Ad-Hoc|iPhoneSimulator.Build.0 = Ad-Hoc|iPhoneSimulator
		{C4880A5E-50E3-4358-AD8C-A17B2DC03F35}.Ad-Hoc|x64.ActiveCfg = Ad-Hoc|iPhoneSimulator
		{C4880A5E-50E3-4358-AD8C-A17B2DC03F35}.AppStore|Any CPU.ActiveCfg = AppStore|iPhone
		{C4880A5E-50E3-4358-AD8C-A17B2DC03F35}.AppStore|iPhone.ActiveCfg = AppStore|iPhone
		{C4880A5E-50E3-4358-AD8C-A17B2DC03F35}.AppStore|iPhone.Build.0 = AppStore|iPhone
		{C4880A5E-50E3-4358-AD8C-A17B2DC03F35}.AppStore|iPhoneSimulator.ActiveCfg = AppStore|iPhoneSimulator
		{C4880A5E-50E3-4358-AD8C-A17B2DC03F35}.AppStore|iPhoneSimulator.Build.0 = AppStore|iPhoneSimulator
		{C4880A5E-50E3-4358-AD8C-A17B2DC03F35}.AppStore|x64.ActiveCfg = AppStore|iPhoneSimulator
		{C4880A5E-50E3-4358-AD8C-A17B2DC03F35}.Debug|Any CPU.ActiveCfg = Debug|iPhone
		{C4880A5E-50E3-4358-AD8C-A17B2DC03F35}.Debug|iPhone.ActiveCfg = Debug|iPhone
		{C4880A5E-50E3-4358-AD8C-A17B2DC03F35}.Debug|iPhone.Build.0 = Debug|iPhone
		{C4880A5E-50E3-4358-AD8C-A17B2DC03F35}.Debug|iPhoneSimulator.ActiveCfg = Debug|iPhoneSimulator
		{C4880A5E-50E3-4358-AD8C-A17B2DC03F35}.Debug|iPhoneSimulator.Build.0 = Debug|iPhoneSimulator
		{C4880A5E-50E3-4358-AD8C-A17B2DC03F35}.Debug|x64.ActiveCfg = Debug|iPhoneSimulator
		{C4880A5E-50E3-4358-AD8C-A17B2DC03F35}.Release|Any CPU.ActiveCfg = Release|iPhone
		{C4880A5E-50E3-4358-AD8C-A17B2DC03F35}.Release|iPhone.ActiveCfg = Release|iPhone
		{C4880A5E-50E3-4358-AD8C-A17B2DC03F35}.Release|iPhone.Build.0 = Release|iPhone
		{C4880A5E-50E3-4358-AD8C-A17B2DC03F35}.Release|iPhoneSimulator.ActiveCfg = Release|iPhoneSimulator
		{C4880A5E-50E3-4358-AD8C-A17B2DC03F35}.Release|iPhoneSimulator.Build.0 = Release|iPhoneSimulator
		{C4880A5E-50E3-4358-AD8C-A17B2DC03F35}.Release|x64.ActiveCfg = Release|iPhoneSimulator
		{EF256A2D-C87E-4D08-A50A-3081C3102BB6}.Ad-Hoc|Any CPU.ActiveCfg = Debug|Any CPU
		{EF256A2D-C87E-4D08-A50A-3081C3102BB6}.Ad-Hoc|Any CPU.Build.0 = Debug|Any CPU
		{EF256A2D-C87E-4D08-A50A-3081C3102BB6}.Ad-Hoc|iPhone.ActiveCfg = Debug|Any CPU
		{EF256A2D-C87E-4D08-A50A-3081C3102BB6}.Ad-Hoc|iPhone.Build.0 = Debug|Any CPU
		{EF256A2D-C87E-4D08-A50A-3081C3102BB6}.Ad-Hoc|iPhoneSimulator.ActiveCfg = Debug|Any CPU
		{EF256A2D-C87E-4D08-A50A-3081C3102BB6}.Ad-Hoc|iPhoneSimulator.Build.0 = Debug|Any CPU
		{EF256A2D-C87E-4D08-A50A-3081C3102BB6}.Ad-Hoc|x64.ActiveCfg = Release|Any CPU
		{EF256A2D-C87E-4D08-A50A-3081C3102BB6}.Ad-Hoc|x64.Build.0 = Release|Any CPU
		{EF256A2D-C87E-4D08-A50A-3081C3102BB6}.AppStore|Any CPU.ActiveCfg = Debug|Any CPU
		{EF256A2D-C87E-4D08-A50A-3081C3102BB6}.AppStore|Any CPU.Build.0 = Debug|Any CPU
		{EF256A2D-C87E-4D08-A50A-3081C3102BB6}.AppStore|iPhone.ActiveCfg = Debug|Any CPU
		{EF256A2D-C87E-4D08-A50A-3081C3102BB6}.AppStore|iPhone.Build.0 = Debug|Any CPU
		{EF256A2D-C87E-4D08-A50A-3081C3102BB6}.AppStore|iPhoneSimulator.ActiveCfg = Debug|Any CPU
		{EF256A2D-C87E-4D08-A50A-3081C3102BB6}.AppStore|iPhoneSimulator.Build.0 = Debug|Any CPU
		{EF256A2D-C87E-4D08-A50A-3081C3102BB6}.AppStore|x64.ActiveCfg = Release|Any CPU
		{EF256A2D-C87E-4D08-A50A-3081C3102BB6}.AppStore|x64.Build.0 = Release|Any CPU
		{EF256A2D-C87E-4D08-A50A-3081C3102BB6}.Debug|Any CPU.ActiveCfg = Debug|Any CPU
		{EF256A2D-C87E-4D08-A50A-3081C3102BB6}.Debug|Any CPU.Build.0 = Debug|Any CPU
		{EF256A2D-C87E-4D08-A50A-3081C3102BB6}.Debug|iPhone.ActiveCfg = Debug|Any CPU
		{EF256A2D-C87E-4D08-A50A-3081C3102BB6}.Debug|iPhone.Build.0 = Debug|Any CPU
		{EF256A2D-C87E-4D08-A50A-3081C3102BB6}.Debug|iPhoneSimulator.ActiveCfg = Debug|Any CPU
		{EF256A2D-C87E-4D08-A50A-3081C3102BB6}.Debug|iPhoneSimulator.Build.0 = Debug|Any CPU
		{EF256A2D-C87E-4D08-A50A-3081C3102BB6}.Debug|x64.ActiveCfg = Debug|Any CPU
		{EF256A2D-C87E-4D08-A50A-3081C3102BB6}.Debug|x64.Build.0 = Debug|Any CPU
		{EF256A2D-C87E-4D08-A50A-3081C3102BB6}.Release|Any CPU.ActiveCfg = Release|Any CPU
		{EF256A2D-C87E-4D08-A50A-3081C3102BB6}.Release|Any CPU.Build.0 = Release|Any CPU
		{EF256A2D-C87E-4D08-A50A-3081C3102BB6}.Release|iPhone.ActiveCfg = Release|Any CPU
		{EF256A2D-C87E-4D08-A50A-3081C3102BB6}.Release|iPhone.Build.0 = Release|Any CPU
		{EF256A2D-C87E-4D08-A50A-3081C3102BB6}.Release|iPhoneSimulator.ActiveCfg = Release|Any CPU
		{EF256A2D-C87E-4D08-A50A-3081C3102BB6}.Release|iPhoneSimulator.Build.0 = Release|Any CPU
		{EF256A2D-C87E-4D08-A50A-3081C3102BB6}.Release|x64.ActiveCfg = Release|Any CPU
		{EF256A2D-C87E-4D08-A50A-3081C3102BB6}.Release|x64.Build.0 = Release|Any CPU
	EndGlobalSection
	GlobalSection(SolutionProperties) = preSolution
		HideSolutionNode = FALSE
	EndGlobalSection
	GlobalSection(ExtensibilityGlobals) = postSolution
		SolutionGuid = {5F7DC064-1CA7-4A37-AFA8-9A3B2364B141}
	EndGlobalSection
EndGlobal
