
Microsoft Visual Studio Solution File, Format Version 12.00
# Visual Studio Version 16
VisualStudioVersion = 16.0.808.10
MinimumVisualStudioVersion = 10.0.40219.1
Project("{FAE04EC0-301F-11D3-BF4B-00C04F79EFBC}") = "BalizaFacil.Android", "BalizaFacil.Android\BalizaFacil.Android.csproj", "{7D569D7B-179C-42AF-BC5E-5C0B66DB1C0A}"
EndProject
Project("{FAE04EC0-301F-11D3-BF4B-00C04F79EFBC}") = "BalizaFacil.iOS", "BalizaFacil.iOS\BalizaFacil.iOS.csproj", "{934A47F1-1943-4056-BD9A-82CEAFE68ED4}"
EndProject
Project("{9A19103F-16F7-4668-BE54-9A1E7A4F7556}") = "BalizaFacil", "BalizaFacil\BalizaFacil.csproj", "{A6445F3A-DBB6-48E3-B8AD-783E22D26059}"
EndProject
Global
	GlobalSection(SolutionConfigurationPlatforms) = preSolution
		Debug|Any CPU = Debug|Any CPU
		Debug|iPhone = Debug|iPhone
		Debug|iPhoneSimulator = Debug|iPhoneSimulator
		Release|Any CPU = Release|Any CPU
		Release|iPhone = Release|iPhone
		Release|iPhoneSimulator = Release|iPhoneSimulator
	EndGlobalSection
	GlobalSection(ProjectConfigurationPlatforms) = postSolution
		{7D569D7B-179C-42AF-BC5E-5C0B66DB1C0A}.Debug|Any CPU.ActiveCfg = Debug|Any CPU
		{7D569D7B-179C-42AF-BC5E-5C0B66DB1C0A}.Debug|Any CPU.Build.0 = Debug|Any CPU
		{7D569D7B-179C-42AF-BC5E-5C0B66DB1C0A}.Debug|Any CPU.Deploy.0 = Debug|Any CPU
		{7D569D7B-179C-42AF-BC5E-5C0B66DB1C0A}.Debug|iPhone.ActiveCfg = Debug|Any CPU
		{7D569D7B-179C-42AF-BC5E-5C0B66DB1C0A}.Debug|iPhone.Build.0 = Debug|Any CPU
		{7D569D7B-179C-42AF-BC5E-5C0B66DB1C0A}.Debug|iPhoneSimulator.ActiveCfg = Debug|Any CPU
		{7D569D7B-179C-42AF-BC5E-5C0B66DB1C0A}.Debug|iPhoneSimulator.Build.0 = Debug|Any CPU
		{7D569D7B-179C-42AF-BC5E-5C0B66DB1C0A}.Release|Any CPU.ActiveCfg = Release|Any CPU
		{7D569D7B-179C-42AF-BC5E-5C0B66DB1C0A}.Release|Any CPU.Build.0 = Release|Any CPU
		{7D569D7B-179C-42AF-BC5E-5C0B66DB1C0A}.Release|iPhone.ActiveCfg = Release|Any CPU
		{7D569D7B-179C-42AF-BC5E-5C0B66DB1C0A}.Release|iPhone.Build.0 = Release|Any CPU
		{7D569D7B-179C-42AF-BC5E-5C0B66DB1C0A}.Release|iPhoneSimulator.ActiveCfg = Release|Any CPU
		{7D569D7B-179C-42AF-BC5E-5C0B66DB1C0A}.Release|iPhoneSimulator.Build.0 = Release|Any CPU
		{934A47F1-1943-4056-BD9A-82CEAFE68ED4}.Debug|Any CPU.ActiveCfg = Debug|iPhoneSimulator
		{934A47F1-1943-4056-BD9A-82CEAFE68ED4}.Debug|Any CPU.Build.0 = Debug|iPhoneSimulator
		{934A47F1-1943-4056-BD9A-82CEAFE68ED4}.Debug|iPhone.ActiveCfg = Debug|iPhone
		{934A47F1-1943-4056-BD9A-82CEAFE68ED4}.Debug|iPhone.Build.0 = Debug|iPhone
		{934A47F1-1943-4056-BD9A-82CEAFE68ED4}.Debug|iPhoneSimulator.ActiveCfg = Debug|iPhoneSimulator
		{934A47F1-1943-4056-BD9A-82CEAFE68ED4}.Debug|iPhoneSimulator.Build.0 = Debug|iPhoneSimulator
		{934A47F1-1943-4056-BD9A-82CEAFE68ED4}.Release|Any CPU.ActiveCfg = Release|iPhoneSimulator
		{934A47F1-1943-4056-BD9A-82CEAFE68ED4}.Release|Any CPU.Build.0 = Release|iPhoneSimulator
		{934A47F1-1943-4056-BD9A-82CEAFE68ED4}.Release|iPhone.ActiveCfg = Release|iPhone
		{934A47F1-1943-4056-BD9A-82CEAFE68ED4}.Release|iPhone.Build.0 = Release|iPhone
		{934A47F1-1943-4056-BD9A-82CEAFE68ED4}.Release|iPhoneSimulator.ActiveCfg = Release|iPhoneSimulator
		{934A47F1-1943-4056-BD9A-82CEAFE68ED4}.Release|iPhoneSimulator.Build.0 = Release|iPhoneSimulator
		{A6445F3A-DBB6-48E3-B8AD-783E22D26059}.Debug|Any CPU.ActiveCfg = Debug|Any CPU
		{A6445F3A-DBB6-48E3-B8AD-783E22D26059}.Debug|Any CPU.Build.0 = Debug|Any CPU
		{A6445F3A-DBB6-48E3-B8AD-783E22D26059}.Debug|iPhone.ActiveCfg = Debug|Any CPU
		{A6445F3A-DBB6-48E3-B8AD-783E22D26059}.Debug|iPhone.Build.0 = Debug|Any CPU
		{A6445F3A-DBB6-48E3-B8AD-783E22D26059}.Debug|iPhoneSimulator.ActiveCfg = Debug|Any CPU
		{A6445F3A-DBB6-48E3-B8AD-783E22D26059}.Debug|iPhoneSimulator.Build.0 = Debug|Any CPU
		{A6445F3A-DBB6-48E3-B8AD-783E22D26059}.Release|Any CPU.ActiveCfg = Release|Any CPU
		{A6445F3A-DBB6-48E3-B8AD-783E22D26059}.Release|Any CPU.Build.0 = Release|Any CPU
		{A6445F3A-DBB6-48E3-B8AD-783E22D26059}.Release|iPhone.ActiveCfg = Release|Any CPU
		{A6445F3A-DBB6-48E3-B8AD-783E22D26059}.Release|iPhone.Build.0 = Release|Any CPU
		{A6445F3A-DBB6-48E3-B8AD-783E22D26059}.Release|iPhoneSimulator.ActiveCfg = Release|Any CPU
		{A6445F3A-DBB6-48E3-B8AD-783E22D26059}.Release|iPhoneSimulator.Build.0 = Release|Any CPU
	EndGlobalSection
	GlobalSection(SolutionProperties) = preSolution
		HideSolutionNode = FALSE
	EndGlobalSection
	GlobalSection(ExtensibilityGlobals) = postSolution
		SolutionGuid = {9382E413-D8BC-48A7-BD6B-3D9D5ED29512}
	EndGlobalSection
EndGlobal
